
Microsoft Visual Studio Solution File, Format Version 12.00
# Visual Studio Version 16
VisualStudioVersion = 16.0.32407.337
MinimumVisualStudioVersion = 10.0.40219.1
Project("{8BC9CEB8-8B4A-11D0-8D11-00A0C91BC942}") = "VideoPlayer", "VideoPlayer\VideoPlayer.vcxproj", "{DE124B66-F9AF-42FB-A15F-903814C00B08}"
EndProject
Global
	GlobalSection(SolutionConfigurationPlatforms) = preSolution
		Debug|x64 = Debug|x64
		Debug|x86 = Debug|x86
		Release|x64 = Release|x64
		Release|x86 = Release|x86
	EndGlobalSection
	GlobalSection(ProjectConfigurationPlatforms) = postSolution
		{DE124B66-F9AF-42FB-A15F-903814C00B08}.Debug|x64.ActiveCfg = Debug|x64
		{DE124B66-F9AF-42FB-A15F-903814C00B08}.Debug|x64.Build.0 = Debug|x64
		{DE124B66-F9AF-42FB-A15F-903814C00B08}.Debug|x86.ActiveCfg = Debug|Win32
		{DE124B66-F9AF-42FB-A15F-903814C00B08}.Debug|x86.Build.0 = Debug|Win32
		{DE124B66-F9AF-42FB-A15F-903814C00B08}.Release|x64.ActiveCfg = Release|x64
		{DE124B66-F9AF-42FB-A15F-903814C00B08}.Release|x64.Build.0 = Release|x64
		{DE124B66-F9AF-42FB-A15F-903814C00B08}.Release|x86.ActiveCfg = Release|Win32
		{DE124B66-F9AF-42FB-A15F-903814C00B08}.Release|x86.Build.0 = Release|Win32
	EndGlobalSection
	GlobalSection(SolutionProperties) = preSolution
		HideSolutionNode = FALSE
	EndGlobalSection
	GlobalSection(ExtensibilityGlobals) = postSolution
		SolutionGuid = {9F5552D5-F976-41FC-8787-7485BDC4912A}
	EndGlobalSection
EndGlobal
